{
  "pins" : [
    {
      "identity" : "lumina",
      "kind" : "remoteSourceControl",
      "location" : "https://github.com/dokun1/Lumina.git",
      "state" : {
        "branch" : "master",
        "revision" : "fd560866d53ab8be43e655c55cf4b2f9fcaddf4a"
      }
    },
    {
      "identity" : "swift-log",
      "kind" : "remoteSourceControl",
      "location" : "https://github.com/apple/swift-log.git",
      "state" : {
        "revision" : "6fe203dc33195667ce1759bf0182975e4653ba1c",
        "version" : "1.4.4"
      }
    }
  ],
  "version" : 2
}
